
Microsoft Visual Studio Solution File, Format Version 9.00
# Visual Studio 2005
Project("{FAE04EC0-301F-11D3-BF4B-00C04F79EFBC}") = "MVExtension_SADPubMA", "MVExtension_SADPubMA.csproj", "{57A13E92-7B3A-476C-91C1-2F82D5BE191B}"
EndProject
Global
	GlobalSection(SolutionConfigurationPlatforms) = preSolution
		Debug|Any CPU = Debug|Any CPU
		Release|Any CPU = Release|Any CPU
	EndGlobalSection
	GlobalSection(ProjectConfigurationPlatforms) = postSolution
		{57A13E92-7B3A-476C-91C1-2F82D5BE191B}.Debug|Any CPU.ActiveCfg = Debug|Any CPU
		{57A13E92-7B3A-476C-91C1-2F82D5BE191B}.Debug|Any CPU.Build.0 = Debug|Any CPU
		{57A13E92-7B3A-476C-91C1-2F82D5BE191B}.Release|Any CPU.ActiveCfg = Release|Any CPU
		{57A13E92-7B3A-476C-91C1-2F82D5BE191B}.Release|Any CPU.Build.0 = Release|Any CPU
	EndGlobalSection
	GlobalSection(SolutionProperties) = preSolution
		HideSolutionNode = FALSE
	EndGlobalSection
EndGlobal
