
Microsoft Visual Studio Solution File, Format Version 11.00
# Visual Studio 2010
Project("{FAE04EC0-301F-11D3-BF4B-00C04F79EFBC}") = "TNMSUserMAExtension", "TNMSUserMAExtension.csproj", "{4887FC5E-98B4-419F-BF78-CD8E91602D1B}"
EndProject
Global
	GlobalSection(SolutionConfigurationPlatforms) = preSolution
		Debug|Any CPU = Debug|Any CPU
		Release|Any CPU = Release|Any CPU
	EndGlobalSection
	GlobalSection(ProjectConfigurationPlatforms) = postSolution
		{4887FC5E-98B4-419F-BF78-CD8E91602D1B}.Debug|Any CPU.ActiveCfg = Debug|Any CPU
		{4887FC5E-98B4-419F-BF78-CD8E91602D1B}.Debug|Any CPU.Build.0 = Debug|Any CPU
		{4887FC5E-98B4-419F-BF78-CD8E91602D1B}.Release|Any CPU.ActiveCfg = Release|Any CPU
		{4887FC5E-98B4-419F-BF78-CD8E91602D1B}.Release|Any CPU.Build.0 = Release|Any CPU
	EndGlobalSection
	GlobalSection(SolutionProperties) = preSolution
		HideSolutionNode = FALSE
	EndGlobalSection
EndGlobal
