
Microsoft Visual Studio Solution File, Format Version 12.00
# Visual Studio 2012
Project("{FAE04EC0-301F-11D3-BF4B-00C04F79EFBC}") = "MVExtension_MRMLocalExchange", "MVExtension_MRMLocalExchange.csproj", "{023C9DB0-619D-42B1-92F8-C7F986EECDCE}"
EndProject
Global
	GlobalSection(SolutionConfigurationPlatforms) = preSolution
		Debug|Any CPU = Debug|Any CPU
		Release|Any CPU = Release|Any CPU
	EndGlobalSection
	GlobalSection(ProjectConfigurationPlatforms) = postSolution
		{023C9DB0-619D-42B1-92F8-C7F986EECDCE}.Debug|Any CPU.ActiveCfg = Debug|Any CPU
		{023C9DB0-619D-42B1-92F8-C7F986EECDCE}.Debug|Any CPU.Build.0 = Debug|Any CPU
		{023C9DB0-619D-42B1-92F8-C7F986EECDCE}.Release|Any CPU.ActiveCfg = Release|Any CPU
		{023C9DB0-619D-42B1-92F8-C7F986EECDCE}.Release|Any CPU.Build.0 = Release|Any CPU
	EndGlobalSection
	GlobalSection(SolutionProperties) = preSolution
		HideSolutionNode = FALSE
	EndGlobalSection
EndGlobal
